
Microsoft Visual Studio Solution File, Format Version 12.00
# Visual Studio Version 17
VisualStudioVersion = 17.0.31903.59
MinimumVisualStudioVersion = 10.0.40219.1
Project("{2150E333-8FDC-42A3-9474-1A3956D46DE8}") = "backend", "backend", "{827E0CD3-B72D-47B6-A68D-7590B98EB39B}"
EndProject
Project("{FAE04EC0-301F-11D3-BF4B-00C04F79EFBC}") = "FlowEngine.Core", "backend\FlowEngine.Core\FlowEngine.Core.csproj", "{5FF955D3-1AF4-4C04-A335-C653BF87FF2B}"
EndProject
Project("{FAE04EC0-301F-11D3-BF4B-00C04F79EFBC}") = "FlowEngine.Runtime", "backend\FlowEngine.Runtime\FlowEngine.Runtime.csproj", "{D830B476-8824-4093-A218-AFCE8FD18910}"
EndProject
Project("{FAE04EC0-301F-11D3-BF4B-00C04F79EFBC}") = "FlowEngine.Application", "backend\FlowEngine.Application\FlowEngine.Application.csproj", "{7B6C06C5-13BD-4F30-BEB6-E990EC05B6D1}"
EndProject
Project("{FAE04EC0-301F-11D3-BF4B-00C04F79EFBC}") = "FlowEngine.Infrastructure", "backend\FlowEngine.Infrastructure\FlowEngine.Infrastructure.csproj", "{3C736B8D-AEBF-4DAD-B421-E164C06EA86A}"
EndProject
Project("{FAE04EC0-301F-11D3-BF4B-00C04F79EFBC}") = "FlowEngine.Host", "backend\FlowEngine.Host\FlowEngine.Host.csproj", "{B21A8D27-F96B-4886-A0C5-CA387E43FE2B}"
EndProject
Project("{2150E333-8FDC-42A3-9474-1A3956D46DE8}") = "tests", "tests", "{0AB3BF05-4346-4AA6-1389-037BE0695223}"
EndProject
Project("{FAE04EC0-301F-11D3-BF4B-00C04F79EFBC}") = "FlowEngine.Core.Tests", "tests\FlowEngine.Core.Tests\FlowEngine.Core.Tests.csproj", "{4AE4B1D5-F62A-4160-9F9E-4C069C55F5CA}"
EndProject
Project("{FAE04EC0-301F-11D3-BF4B-00C04F79EFBC}") = "FlowEngine.TestPlugin", "tests\FlowEngine.TestPlugin\FlowEngine.TestPlugin.csproj", "{50BEAD4E-CCD6-4CDA-9EB4-8E4360F94588}"
EndProject
Project("{FAE04EC0-301F-11D3-BF4B-00C04F79EFBC}") = "FlowEngine.Runtime.Tests", "tests\FlowEngine.Runtime.Tests\FlowEngine.Runtime.Tests.csproj", "{7C85D356-CFB8-4804-964C-4A199D8CB91A}"
EndProject
Project("{2150E333-8FDC-42A3-9474-1A3956D46DE8}") = "plugins", "plugins", "{07D57EEB-2F50-60C4-C011-FE4FA775C9A8}"
EndProject
Project("{FAE04EC0-301F-11D3-BF4B-00C04F79EFBC}") = "FlowEngine.Plugins.Standard", "plugins\FlowEngine.Plugins.Standard\FlowEngine.Plugins.Standard.csproj", "{58BDDEE5-80EC-41CF-B7AF-3E2138DB150E}"
EndProject
Global
	GlobalSection(SolutionConfigurationPlatforms) = preSolution
		Debug|Any CPU = Debug|Any CPU
		Debug|x64 = Debug|x64
		Debug|x86 = Debug|x86
		Release|Any CPU = Release|Any CPU
		Release|x64 = Release|x64
		Release|x86 = Release|x86
	EndGlobalSection
	GlobalSection(ProjectConfigurationPlatforms) = postSolution
		{5FF955D3-1AF4-4C04-A335-C653BF87FF2B}.Debug|Any CPU.ActiveCfg = Debug|Any CPU
		{5FF955D3-1AF4-4C04-A335-C653BF87FF2B}.Debug|Any CPU.Build.0 = Debug|Any CPU
		{5FF955D3-1AF4-4C04-A335-C653BF87FF2B}.Debug|x64.ActiveCfg = Debug|Any CPU
		{5FF955D3-1AF4-4C04-A335-C653BF87FF2B}.Debug|x64.Build.0 = Debug|Any CPU
		{5FF955D3-1AF4-4C04-A335-C653BF87FF2B}.Debug|x86.ActiveCfg = Debug|Any CPU
		{5FF955D3-1AF4-4C04-A335-C653BF87FF2B}.Debug|x86.Build.0 = Debug|Any CPU
		{5FF955D3-1AF4-4C04-A335-C653BF87FF2B}.Release|Any CPU.ActiveCfg = Release|Any CPU
		{5FF955D3-1AF4-4C04-A335-C653BF87FF2B}.Release|Any CPU.Build.0 = Release|Any CPU
		{5FF955D3-1AF4-4C04-A335-C653BF87FF2B}.Release|x64.ActiveCfg = Release|Any CPU
		{5FF955D3-1AF4-4C04-A335-C653BF87FF2B}.Release|x64.Build.0 = Release|Any CPU
		{5FF955D3-1AF4-4C04-A335-C653BF87FF2B}.Release|x86.ActiveCfg = Release|Any CPU
		{5FF955D3-1AF4-4C04-A335-C653BF87FF2B}.Release|x86.Build.0 = Release|Any CPU
		{D830B476-8824-4093-A218-AFCE8FD18910}.Debug|Any CPU.ActiveCfg = Debug|Any CPU
		{D830B476-8824-4093-A218-AFCE8FD18910}.Debug|Any CPU.Build.0 = Debug|Any CPU
		{D830B476-8824-4093-A218-AFCE8FD18910}.Debug|x64.ActiveCfg = Debug|Any CPU
		{D830B476-8824-4093-A218-AFCE8FD18910}.Debug|x64.Build.0 = Debug|Any CPU
		{D830B476-8824-4093-A218-AFCE8FD18910}.Debug|x86.ActiveCfg = Debug|Any CPU
		{D830B476-8824-4093-A218-AFCE8FD18910}.Debug|x86.Build.0 = Debug|Any CPU
		{D830B476-8824-4093-A218-AFCE8FD18910}.Release|Any CPU.ActiveCfg = Release|Any CPU
		{D830B476-8824-4093-A218-AFCE8FD18910}.Release|Any CPU.Build.0 = Release|Any CPU
		{D830B476-8824-4093-A218-AFCE8FD18910}.Release|x64.ActiveCfg = Release|Any CPU
		{D830B476-8824-4093-A218-AFCE8FD18910}.Release|x64.Build.0 = Release|Any CPU
		{D830B476-8824-4093-A218-AFCE8FD18910}.Release|x86.ActiveCfg = Release|Any CPU
		{D830B476-8824-4093-A218-AFCE8FD18910}.Release|x86.Build.0 = Release|Any CPU
		{7B6C06C5-13BD-4F30-BEB6-E990EC05B6D1}.Debug|Any CPU.ActiveCfg = Debug|Any CPU
		{7B6C06C5-13BD-4F30-BEB6-E990EC05B6D1}.Debug|Any CPU.Build.0 = Debug|Any CPU
		{7B6C06C5-13BD-4F30-BEB6-E990EC05B6D1}.Debug|x64.ActiveCfg = Debug|Any CPU
		{7B6C06C5-13BD-4F30-BEB6-E990EC05B6D1}.Debug|x64.Build.0 = Debug|Any CPU
		{7B6C06C5-13BD-4F30-BEB6-E990EC05B6D1}.Debug|x86.ActiveCfg = Debug|Any CPU
		{7B6C06C5-13BD-4F30-BEB6-E990EC05B6D1}.Debug|x86.Build.0 = Debug|Any CPU
		{7B6C06C5-13BD-4F30-BEB6-E990EC05B6D1}.Release|Any CPU.ActiveCfg = Release|Any CPU
		{7B6C06C5-13BD-4F30-BEB6-E990EC05B6D1}.Release|Any CPU.Build.0 = Release|Any CPU
		{7B6C06C5-13BD-4F30-BEB6-E990EC05B6D1}.Release|x64.ActiveCfg = Release|Any CPU
		{7B6C06C5-13BD-4F30-BEB6-E990EC05B6D1}.Release|x64.Build.0 = Release|Any CPU
		{7B6C06C5-13BD-4F30-BEB6-E990EC05B6D1}.Release|x86.ActiveCfg = Release|Any CPU
		{7B6C06C5-13BD-4F30-BEB6-E990EC05B6D1}.Release|x86.Build.0 = Release|Any CPU
		{3C736B8D-AEBF-4DAD-B421-E164C06EA86A}.Debug|Any CPU.ActiveCfg = Debug|Any CPU
		{3C736B8D-AEBF-4DAD-B421-E164C06EA86A}.Debug|Any CPU.Build.0 = Debug|Any CPU
		{3C736B8D-AEBF-4DAD-B421-E164C06EA86A}.Debug|x64.ActiveCfg = Debug|Any CPU
		{3C736B8D-AEBF-4DAD-B421-E164C06EA86A}.Debug|x64.Build.0 = Debug|Any CPU
		{3C736B8D-AEBF-4DAD-B421-E164C06EA86A}.Debug|x86.ActiveCfg = Debug|Any CPU
		{3C736B8D-AEBF-4DAD-B421-E164C06EA86A}.Debug|x86.Build.0 = Debug|Any CPU
		{3C736B8D-AEBF-4DAD-B421-E164C06EA86A}.Release|Any CPU.ActiveCfg = Release|Any CPU
		{3C736B8D-AEBF-4DAD-B421-E164C06EA86A}.Release|Any CPU.Build.0 = Release|Any CPU
		{3C736B8D-AEBF-4DAD-B421-E164C06EA86A}.Release|x64.ActiveCfg = Release|Any CPU
		{3C736B8D-AEBF-4DAD-B421-E164C06EA86A}.Release|x64.Build.0 = Release|Any CPU
		{3C736B8D-AEBF-4DAD-B421-E164C06EA86A}.Release|x86.ActiveCfg = Release|Any CPU
		{3C736B8D-AEBF-4DAD-B421-E164C06EA86A}.Release|x86.Build.0 = Release|Any CPU
		{B21A8D27-F96B-4886-A0C5-CA387E43FE2B}.Debug|Any CPU.ActiveCfg = Debug|Any CPU
		{B21A8D27-F96B-4886-A0C5-CA387E43FE2B}.Debug|Any CPU.Build.0 = Debug|Any CPU
		{B21A8D27-F96B-4886-A0C5-CA387E43FE2B}.Debug|x64.ActiveCfg = Debug|Any CPU
		{B21A8D27-F96B-4886-A0C5-CA387E43FE2B}.Debug|x64.Build.0 = Debug|Any CPU
		{B21A8D27-F96B-4886-A0C5-CA387E43FE2B}.Debug|x86.ActiveCfg = Debug|Any CPU
		{B21A8D27-F96B-4886-A0C5-CA387E43FE2B}.Debug|x86.Build.0 = Debug|Any CPU
		{B21A8D27-F96B-4886-A0C5-CA387E43FE2B}.Release|Any CPU.ActiveCfg = Release|Any CPU
		{B21A8D27-F96B-4886-A0C5-CA387E43FE2B}.Release|Any CPU.Build.0 = Release|Any CPU
		{B21A8D27-F96B-4886-A0C5-CA387E43FE2B}.Release|x64.ActiveCfg = Release|Any CPU
		{B21A8D27-F96B-4886-A0C5-CA387E43FE2B}.Release|x64.Build.0 = Release|Any CPU
		{B21A8D27-F96B-4886-A0C5-CA387E43FE2B}.Release|x86.ActiveCfg = Release|Any CPU
		{B21A8D27-F96B-4886-A0C5-CA387E43FE2B}.Release|x86.Build.0 = Release|Any CPU
		{4AE4B1D5-F62A-4160-9F9E-4C069C55F5CA}.Debug|Any CPU.ActiveCfg = Debug|Any CPU
		{4AE4B1D5-F62A-4160-9F9E-4C069C55F5CA}.Debug|Any CPU.Build.0 = Debug|Any CPU
		{4AE4B1D5-F62A-4160-9F9E-4C069C55F5CA}.Debug|x64.ActiveCfg = Debug|Any CPU
		{4AE4B1D5-F62A-4160-9F9E-4C069C55F5CA}.Debug|x64.Build.0 = Debug|Any CPU
		{4AE4B1D5-F62A-4160-9F9E-4C069C55F5CA}.Debug|x86.ActiveCfg = Debug|Any CPU
		{4AE4B1D5-F62A-4160-9F9E-4C069C55F5CA}.Debug|x86.Build.0 = Debug|Any CPU
		{4AE4B1D5-F62A-4160-9F9E-4C069C55F5CA}.Release|Any CPU.ActiveCfg = Release|Any CPU
		{4AE4B1D5-F62A-4160-9F9E-4C069C55F5CA}.Release|Any CPU.Build.0 = Release|Any CPU
		{4AE4B1D5-F62A-4160-9F9E-4C069C55F5CA}.Release|x64.ActiveCfg = Release|Any CPU
		{4AE4B1D5-F62A-4160-9F9E-4C069C55F5CA}.Release|x64.Build.0 = Release|Any CPU
		{4AE4B1D5-F62A-4160-9F9E-4C069C55F5CA}.Release|x86.ActiveCfg = Release|Any CPU
		{4AE4B1D5-F62A-4160-9F9E-4C069C55F5CA}.Release|x86.Build.0 = Release|Any CPU
		{50BEAD4E-CCD6-4CDA-9EB4-8E4360F94588}.Debug|Any CPU.ActiveCfg = Debug|Any CPU
		{50BEAD4E-CCD6-4CDA-9EB4-8E4360F94588}.Debug|Any CPU.Build.0 = Debug|Any CPU
		{50BEAD4E-CCD6-4CDA-9EB4-8E4360F94588}.Debug|x64.ActiveCfg = Debug|Any CPU
		{50BEAD4E-CCD6-4CDA-9EB4-8E4360F94588}.Debug|x64.Build.0 = Debug|Any CPU
		{50BEAD4E-CCD6-4CDA-9EB4-8E4360F94588}.Debug|x86.ActiveCfg = Debug|Any CPU
		{50BEAD4E-CCD6-4CDA-9EB4-8E4360F94588}.Debug|x86.Build.0 = Debug|Any CPU
		{50BEAD4E-CCD6-4CDA-9EB4-8E4360F94588}.Release|Any CPU.ActiveCfg = Release|Any CPU
		{50BEAD4E-CCD6-4CDA-9EB4-8E4360F94588}.Release|Any CPU.Build.0 = Release|Any CPU
		{50BEAD4E-CCD6-4CDA-9EB4-8E4360F94588}.Release|x64.ActiveCfg = Release|Any CPU
		{50BEAD4E-CCD6-4CDA-9EB4-8E4360F94588}.Release|x64.Build.0 = Release|Any CPU
		{50BEAD4E-CCD6-4CDA-9EB4-8E4360F94588}.Release|x86.ActiveCfg = Release|Any CPU
		{50BEAD4E-CCD6-4CDA-9EB4-8E4360F94588}.Release|x86.Build.0 = Release|Any CPU
		{7C85D356-CFB8-4804-964C-4A199D8CB91A}.Debug|Any CPU.ActiveCfg = Debug|Any CPU
		{7C85D356-CFB8-4804-964C-4A199D8CB91A}.Debug|Any CPU.Build.0 = Debug|Any CPU
		{7C85D356-CFB8-4804-964C-4A199D8CB91A}.Debug|x64.ActiveCfg = Debug|Any CPU
		{7C85D356-CFB8-4804-964C-4A199D8CB91A}.Debug|x64.Build.0 = Debug|Any CPU
		{7C85D356-CFB8-4804-964C-4A199D8CB91A}.Debug|x86.ActiveCfg = Debug|Any CPU
		{7C85D356-CFB8-4804-964C-4A199D8CB91A}.Debug|x86.Build.0 = Debug|Any CPU
		{7C85D356-CFB8-4804-964C-4A199D8CB91A}.Release|Any CPU.ActiveCfg = Release|Any CPU
		{7C85D356-CFB8-4804-964C-4A199D8CB91A}.Release|Any CPU.Build.0 = Release|Any CPU
		{7C85D356-CFB8-4804-964C-4A199D8CB91A}.Release|x64.ActiveCfg = Release|Any CPU
		{7C85D356-CFB8-4804-964C-4A199D8CB91A}.Release|x64.Build.0 = Release|Any CPU
		{7C85D356-CFB8-4804-964C-4A199D8CB91A}.Release|x86.ActiveCfg = Release|Any CPU
		{7C85D356-CFB8-4804-964C-4A199D8CB91A}.Release|x86.Build.0 = Release|Any CPU
		{58BDDEE5-80EC-41CF-B7AF-3E2138DB150E}.Debug|Any CPU.ActiveCfg = Debug|Any CPU
		{58BDDEE5-80EC-41CF-B7AF-3E2138DB150E}.Debug|Any CPU.Build.0 = Debug|Any CPU
		{58BDDEE5-80EC-41CF-B7AF-3E2138DB150E}.Debug|x64.ActiveCfg = Debug|Any CPU
		{58BDDEE5-80EC-41CF-B7AF-3E2138DB150E}.Debug|x64.Build.0 = Debug|Any CPU
		{58BDDEE5-80EC-41CF-B7AF-3E2138DB150E}.Debug|x86.ActiveCfg = Debug|Any CPU
		{58BDDEE5-80EC-41CF-B7AF-3E2138DB150E}.Debug|x86.Build.0 = Debug|Any CPU
		{58BDDEE5-80EC-41CF-B7AF-3E2138DB150E}.Release|Any CPU.ActiveCfg = Release|Any CPU
		{58BDDEE5-80EC-41CF-B7AF-3E2138DB150E}.Release|Any CPU.Build.0 = Release|Any CPU
		{58BDDEE5-80EC-41CF-B7AF-3E2138DB150E}.Release|x64.ActiveCfg = Release|Any CPU
		{58BDDEE5-80EC-41CF-B7AF-3E2138DB150E}.Release|x64.Build.0 = Release|Any CPU
		{58BDDEE5-80EC-41CF-B7AF-3E2138DB150E}.Release|x86.ActiveCfg = Release|Any CPU
		{58BDDEE5-80EC-41CF-B7AF-3E2138DB150E}.Release|x86.Build.0 = Release|Any CPU
	EndGlobalSection
	GlobalSection(SolutionProperties) = preSolution
		HideSolutionNode = FALSE
	EndGlobalSection
	GlobalSection(NestedProjects) = preSolution
		{5FF955D3-1AF4-4C04-A335-C653BF87FF2B} = {827E0CD3-B72D-47B6-A68D-7590B98EB39B}
		{D830B476-8824-4093-A218-AFCE8FD18910} = {827E0CD3-B72D-47B6-A68D-7590B98EB39B}
		{7B6C06C5-13BD-4F30-BEB6-E990EC05B6D1} = {827E0CD3-B72D-47B6-A68D-7590B98EB39B}
		{3C736B8D-AEBF-4DAD-B421-E164C06EA86A} = {827E0CD3-B72D-47B6-A68D-7590B98EB39B}
		{B21A8D27-F96B-4886-A0C5-CA387E43FE2B} = {827E0CD3-B72D-47B6-A68D-7590B98EB39B}
		{4AE4B1D5-F62A-4160-9F9E-4C069C55F5CA} = {0AB3BF05-4346-4AA6-1389-037BE0695223}
		{50BEAD4E-CCD6-4CDA-9EB4-8E4360F94588} = {0AB3BF05-4346-4AA6-1389-037BE0695223}
		{7C85D356-CFB8-4804-964C-4A199D8CB91A} = {0AB3BF05-4346-4AA6-1389-037BE0695223}
		{58BDDEE5-80EC-41CF-B7AF-3E2138DB150E} = {07D57EEB-2F50-60C4-C011-FE4FA775C9A8}
	EndGlobalSection
EndGlobal
